// !$*UTF8*$!
{
	archiveVersion = 1;
	classes = {
	};
	objectVersion = 55;
	objects = {

/* Begin PBXBuildFile section */
		D62A493627CCDB0F00DFD6FE /* SearchViewController.swift in Sources */ = {isa = PBXBuildFile; fileRef = D62A493527CCDB0F00DFD6FE /* SearchViewController.swift */; };
		D62A493927CCDC0100DFD6FE /* BooksResponse.swift in Sources */ = {isa = PBXBuildFile; fileRef = D62A493827CCDC0100DFD6FE /* BooksResponse.swift */; };
		D62A493B27CCDC5800DFD6FE /* Constants.swift in Sources */ = {isa = PBXBuildFile; fileRef = D62A493A27CCDC5800DFD6FE /* Constants.swift */; };
		D62A493E27CCDDF500DFD6FE /* APIDataManager.swift in Sources */ = {isa = PBXBuildFile; fileRef = D62A493D27CCDDF500DFD6FE /* APIDataManager.swift */; };
		D62A494027CCDE0D00DFD6FE /* Parser.swift in Sources */ = {isa = PBXBuildFile; fileRef = D62A493F27CCDE0D00DFD6FE /* Parser.swift */; };
		D62A494227CCDE2600DFD6FE /* EndPoints.swift in Sources */ = {isa = PBXBuildFile; fileRef = D62A494127CCDE2600DFD6FE /* EndPoints.swift */; };
		D62A494527CCE54C00DFD6FE /* ProfileViewController.swift in Sources */ = {isa = PBXBuildFile; fileRef = D62A494427CCE54C00DFD6FE /* ProfileViewController.swift */; };
		D62A494727CEF50200DFD6FE /* PageViewController.swift in Sources */ = {isa = PBXBuildFile; fileRef = D62A494627CEF50200DFD6FE /* PageViewController.swift */; };
		D62A494927CEF5CE00DFD6FE /* LabelViewController.swift in Sources */ = {isa = PBXBuildFile; fileRef = D62A494827CEF5CE00DFD6FE /* LabelViewController.swift */; };
		D6484F19279DF1FB003293F1 /* booksFile.swift in Sources */ = {isa = PBXBuildFile; fileRef = D6484F18279DF1FB003293F1 /* booksFile.swift */; };
		D6484F1B279E03FB003293F1 /* BookViewCell.swift in Sources */ = {isa = PBXBuildFile; fileRef = D6484F1A279E03FB003293F1 /* BookViewCell.swift */; };
		D6484F1F279E13A8003293F1 /* DetailBookViewController.swift in Sources */ = {isa = PBXBuildFile; fileRef = D6484F1E279E13A8003293F1 /* DetailBookViewController.swift */; };
		D6484F2A27A085F7003293F1 /* BooksCollectionCell.swift in Sources */ = {isa = PBXBuildFile; fileRef = D6484F2927A085F7003293F1 /* BooksCollectionCell.swift */; };
		D64A70BB27F568B30012C7F6 /* Constrains++.swift in Sources */ = {isa = PBXBuildFile; fileRef = D64A70BA27F568B30012C7F6 /* Constrains++.swift */; };
		D64A70BF27F581CD0012C7F6 /* StringSP.swift in Sources */ = {isa = PBXBuildFile; fileRef = D64A70BE27F581CD0012C7F6 /* StringSP.swift */; };
		D64A70C127F582810012C7F6 /* Dimensions.swift in Sources */ = {isa = PBXBuildFile; fileRef = D64A70C027F582810012C7F6 /* Dimensions.swift */; };
		D69131FE27EEC1B700D56CED /* Alamofire in Frameworks */ = {isa = PBXBuildFile; productRef = D69131FD27EEC1B700D56CED /* Alamofire */; };
		D692062827AF5E0B00C29022 /* BookData.swift in Sources */ = {isa = PBXBuildFile; fileRef = D692062727AF5E0B00C29022 /* BookData.swift */; };
		D692062A27AF5E4700C29022 /* BookModel.swift in Sources */ = {isa = PBXBuildFile; fileRef = D692062927AF5E4700C29022 /* BookModel.swift */; };
		D692062D27AF5F7E00C29022 /* CategoryViewController.swift in Sources */ = {isa = PBXBuildFile; fileRef = D692062C27AF5F7E00C29022 /* CategoryViewController.swift */; };
		D692063027AF601600C29022 /* BookManager.swift in Sources */ = {isa = PBXBuildFile; fileRef = D692062F27AF601600C29022 /* BookManager.swift */; };
		D692063227B0AE5A00C29022 /* AutorController.swift in Sources */ = {isa = PBXBuildFile; fileRef = D692063127B0AE5A00C29022 /* AutorController.swift */; };
		D692063727B0C39700C29022 /* AutorData.swift in Sources */ = {isa = PBXBuildFile; fileRef = D692063627B0C39700C29022 /* AutorData.swift */; };
		D692063927B0C3A800C29022 /* AutorModel.swift in Sources */ = {isa = PBXBuildFile; fileRef = D692063827B0C3A800C29022 /* AutorModel.swift */; };
		D692063B27B0C3BC00C29022 /* AutorManager.swift in Sources */ = {isa = PBXBuildFile; fileRef = D692063A27B0C3BC00C29022 /* AutorManager.swift */; };
		D692064127B1E41B00C29022 /* ObrasData.swift in Sources */ = {isa = PBXBuildFile; fileRef = D692064027B1E41B00C29022 /* ObrasData.swift */; };
		D692064327B1E42C00C29022 /* ObrasModel.swift in Sources */ = {isa = PBXBuildFile; fileRef = D692064227B1E42C00C29022 /* ObrasModel.swift */; };
		D692064527B1E45700C29022 /* ObrasManager.swift in Sources */ = {isa = PBXBuildFile; fileRef = D692064427B1E45700C29022 /* ObrasManager.swift */; };
		D692064727B1E46E00C29022 /* ObrasController.swift in Sources */ = {isa = PBXBuildFile; fileRef = D692064627B1E46E00C29022 /* ObrasController.swift */; };
		D69EAA73279B63EE000070AF /* AppDelegate.swift in Sources */ = {isa = PBXBuildFile; fileRef = D69EAA72279B63EE000070AF /* AppDelegate.swift */; };
		D69EAA75279B63EE000070AF /* SceneDelegate.swift in Sources */ = {isa = PBXBuildFile; fileRef = D69EAA74279B63EE000070AF /* SceneDelegate.swift */; };
		D69EAA77279B63EE000070AF /* ViewController.swift in Sources */ = {isa = PBXBuildFile; fileRef = D69EAA76279B63EE000070AF /* ViewController.swift */; };
		D69EAA7A279B63EE000070AF /* Main.storyboard in Resources */ = {isa = PBXBuildFile; fileRef = D69EAA78279B63EE000070AF /* Main.storyboard */; };
		D69EAA7C279B63F0000070AF /* Assets.xcassets in Resources */ = {isa = PBXBuildFile; fileRef = D69EAA7B279B63F0000070AF /* Assets.xcassets */; };
		D69EAA7F279B63F0000070AF /* LaunchScreen.storyboard in Resources */ = {isa = PBXBuildFile; fileRef = D69EAA7D279B63F0000070AF /* LaunchScreen.storyboard */; };
		D69EAA87279C96DC000070AF /* LibreriaViewController.swift in Sources */ = {isa = PBXBuildFile; fileRef = D69EAA86279C96DC000070AF /* LibreriaViewController.swift */; };
		D69EAA8B279CD6D6000070AF /* RegistroViewController.swift in Sources */ = {isa = PBXBuildFile; fileRef = D69EAA8A279CD6D6000070AF /* RegistroViewController.swift */; };
		D6A6395927C7F477002A819D /* UILabel++.swift in Sources */ = {isa = PBXBuildFile; fileRef = D6A6395827C7F477002A819D /* UILabel++.swift */; };
		D6A6395B27C7F48B002A819D /* UIColor++.swift in Sources */ = {isa = PBXBuildFile; fileRef = D6A6395A27C7F48B002A819D /* UIColor++.swift */; };
/* End PBXBuildFile section */

/* Begin PBXFileReference section */
		D62A493527CCDB0F00DFD6FE /* SearchViewController.swift */ = {isa = PBXFileReference; lastKnownFileType = sourcecode.swift; path = SearchViewController.swift; sourceTree = "<group>"; };
		D62A493827CCDC0100DFD6FE /* BooksResponse.swift */ = {isa = PBXFileReference; lastKnownFileType = sourcecode.swift; path = BooksResponse.swift; sourceTree = "<group>"; };
		D62A493A27CCDC5800DFD6FE /* Constants.swift */ = {isa = PBXFileReference; lastKnownFileType = sourcecode.swift; path = Constants.swift; sourceTree = "<group>"; };
		D62A493D27CCDDF500DFD6FE /* APIDataManager.swift */ = {isa = PBXFileReference; lastKnownFileType = sourcecode.swift; path = APIDataManager.swift; sourceTree = "<group>"; };
		D62A493F27CCDE0D00DFD6FE /* Parser.swift */ = {isa = PBXFileReference; lastKnownFileType = sourcecode.swift; path = Parser.swift; sourceTree = "<group>"; };
		D62A494127CCDE2600DFD6FE /* EndPoints.swift */ = {isa = PBXFileReference; lastKnownFileType = sourcecode.swift; path = EndPoints.swift; sourceTree = "<group>"; };
		D62A494427CCE54C00DFD6FE /* ProfileViewController.swift */ = {isa = PBXFileReference; lastKnownFileType = sourcecode.swift; path = ProfileViewController.swift; sourceTree = "<group>"; };
		D62A494627CEF50200DFD6FE /* PageViewController.swift */ = {isa = PBXFileReference; lastKnownFileType = sourcecode.swift; path = PageViewController.swift; sourceTree = "<group>"; };
		D62A494827CEF5CE00DFD6FE /* LabelViewController.swift */ = {isa = PBXFileReference; lastKnownFileType = sourcecode.swift; path = LabelViewController.swift; sourceTree = "<group>"; };
		D6484F18279DF1FB003293F1 /* booksFile.swift */ = {isa = PBXFileReference; lastKnownFileType = sourcecode.swift; path = booksFile.swift; sourceTree = "<group>"; };
		D6484F1A279E03FB003293F1 /* BookViewCell.swift */ = {isa = PBXFileReference; lastKnownFileType = sourcecode.swift; path = BookViewCell.swift; sourceTree = "<group>"; };
		D6484F1E279E13A8003293F1 /* DetailBookViewController.swift */ = {isa = PBXFileReference; lastKnownFileType = sourcecode.swift; path = DetailBookViewController.swift; sourceTree = "<group>"; };
		D6484F2927A085F7003293F1 /* BooksCollectionCell.swift */ = {isa = PBXFileReference; lastKnownFileType = sourcecode.swift; path = BooksCollectionCell.swift; sourceTree = "<group>"; };
		D64A70BA27F568B30012C7F6 /* Constrains++.swift */ = {isa = PBXFileReference; lastKnownFileType = sourcecode.swift; path = "Constrains++.swift"; sourceTree = "<group>"; };
		D64A70BE27F581CD0012C7F6 /* StringSP.swift */ = {isa = PBXFileReference; lastKnownFileType = sourcecode.swift; path = StringSP.swift; sourceTree = "<group>"; };
		D64A70C027F582810012C7F6 /* Dimensions.swift */ = {isa = PBXFileReference; lastKnownFileType = sourcecode.swift; path = Dimensions.swift; sourceTree = "<group>"; };
		D692062727AF5E0B00C29022 /* BookData.swift */ = {isa = PBXFileReference; lastKnownFileType = sourcecode.swift; path = BookData.swift; sourceTree = "<group>"; };
		D692062927AF5E4700C29022 /* BookModel.swift */ = {isa = PBXFileReference; lastKnownFileType = sourcecode.swift; path = BookModel.swift; sourceTree = "<group>"; };
		D692062C27AF5F7E00C29022 /* CategoryViewController.swift */ = {isa = PBXFileReference; lastKnownFileType = sourcecode.swift; path = CategoryViewController.swift; sourceTree = "<group>"; };
		D692062F27AF601600C29022 /* BookManager.swift */ = {isa = PBXFileReference; lastKnownFileType = sourcecode.swift; path = BookManager.swift; sourceTree = "<group>"; };
		D692063127B0AE5A00C29022 /* AutorController.swift */ = {isa = PBXFileReference; lastKnownFileType = sourcecode.swift; path = AutorController.swift; sourceTree = "<group>"; };
		D692063627B0C39700C29022 /* AutorData.swift */ = {isa = PBXFileReference; lastKnownFileType = sourcecode.swift; path = AutorData.swift; sourceTree = "<group>"; };
		D692063827B0C3A800C29022 /* AutorModel.swift */ = {isa = PBXFileReference; lastKnownFileType = sourcecode.swift; path = AutorModel.swift; sourceTree = "<group>"; };
		D692063A27B0C3BC00C29022 /* AutorManager.swift */ = {isa = PBXFileReference; lastKnownFileType = sourcecode.swift; path = AutorManager.swift; sourceTree = "<group>"; };
		D692064027B1E41B00C29022 /* ObrasData.swift */ = {isa = PBXFileReference; lastKnownFileType = sourcecode.swift; path = ObrasData.swift; sourceTree = "<group>"; };
		D692064227B1E42C00C29022 /* ObrasModel.swift */ = {isa = PBXFileReference; lastKnownFileType = sourcecode.swift; path = ObrasModel.swift; sourceTree = "<group>"; };
		D692064427B1E45700C29022 /* ObrasManager.swift */ = {isa = PBXFileReference; lastKnownFileType = sourcecode.swift; path = ObrasManager.swift; sourceTree = "<group>"; };
		D692064627B1E46E00C29022 /* ObrasController.swift */ = {isa = PBXFileReference; lastKnownFileType = sourcecode.swift; path = ObrasController.swift; sourceTree = "<group>"; };
		D69EAA6F279B63EE000070AF /* Books-Mark-App.app */ = {isa = PBXFileReference; explicitFileType = wrapper.application; includeInIndex = 0; path = "Books-Mark-App.app"; sourceTree = BUILT_PRODUCTS_DIR; };
		D69EAA72279B63EE000070AF /* AppDelegate.swift */ = {isa = PBXFileReference; lastKnownFileType = sourcecode.swift; path = AppDelegate.swift; sourceTree = "<group>"; };
		D69EAA74279B63EE000070AF /* SceneDelegate.swift */ = {isa = PBXFileReference; lastKnownFileType = sourcecode.swift; path = SceneDelegate.swift; sourceTree = "<group>"; };
		D69EAA76279B63EE000070AF /* ViewController.swift */ = {isa = PBXFileReference; lastKnownFileType = sourcecode.swift; path = ViewController.swift; sourceTree = "<group>"; };
		D69EAA79279B63EE000070AF /* Base */ = {isa = PBXFileReference; lastKnownFileType = file.storyboard; name = Base; path = Base.lproj/Main.storyboard; sourceTree = "<group>"; };
		D69EAA7B279B63F0000070AF /* Assets.xcassets */ = {isa = PBXFileReference; lastKnownFileType = folder.assetcatalog; path = Assets.xcassets; sourceTree = "<group>"; };
		D69EAA7E279B63F0000070AF /* Base */ = {isa = PBXFileReference; lastKnownFileType = file.storyboard; name = Base; path = Base.lproj/LaunchScreen.storyboard; sourceTree = "<group>"; };
		D69EAA80279B63F0000070AF /* Info.plist */ = {isa = PBXFileReference; lastKnownFileType = text.plist.xml; path = Info.plist; sourceTree = "<group>"; };
		D69EAA86279C96DC000070AF /* LibreriaViewController.swift */ = {isa = PBXFileReference; lastKnownFileType = sourcecode.swift; path = LibreriaViewController.swift; sourceTree = "<group>"; };
		D69EAA8A279CD6D6000070AF /* RegistroViewController.swift */ = {isa = PBXFileReference; lastKnownFileType = sourcecode.swift; path = RegistroViewController.swift; sourceTree = "<group>"; };
		D6A6395827C7F477002A819D /* UILabel++.swift */ = {isa = PBXFileReference; lastKnownFileType = sourcecode.swift; path = "UILabel++.swift"; sourceTree = "<group>"; };
		D6A6395A27C7F48B002A819D /* UIColor++.swift */ = {isa = PBXFileReference; lastKnownFileType = sourcecode.swift; path = "UIColor++.swift"; sourceTree = "<group>"; };
/* End PBXFileReference section */

/* Begin PBXFrameworksBuildPhase section */
		D69EAA6C279B63EE000070AF /* Frameworks */ = {
			isa = PBXFrameworksBuildPhase;
			buildActionMask = 2147483647;
			files = (
				D69131FE27EEC1B700D56CED /* Alamofire in Frameworks */,
			);
			runOnlyForDeploymentPostprocessing = 0;
		};
/* End PBXFrameworksBuildPhase section */

/* Begin PBXGroup section */
		D62A493327CCDA5D00DFD6FE /* SearchViewController */ = {
			isa = PBXGroup;
			children = (
				D62A493427CCDAE300DFD6FE /* Controller */,
			);
			path = SearchViewController;
			sourceTree = "<group>";
		};
		D62A493427CCDAE300DFD6FE /* Controller */ = {
			isa = PBXGroup;
			children = (
				D62A493527CCDB0F00DFD6FE /* SearchViewController.swift */,
			);
			path = Controller;
			sourceTree = "<group>";
		};
		D62A493727CCDBD700DFD6FE /* Response Model */ = {
			isa = PBXGroup;
			children = (
				D62A493827CCDC0100DFD6FE /* BooksResponse.swift */,
			);
			path = "Response Model";
			sourceTree = "<group>";
		};
		D62A493C27CCDDBB00DFD6FE /* Networking API2 */ = {
			isa = PBXGroup;
			children = (
				D62A493D27CCDDF500DFD6FE /* APIDataManager.swift */,
				D62A493F27CCDE0D00DFD6FE /* Parser.swift */,
				D62A494127CCDE2600DFD6FE /* EndPoints.swift */,
			);
			path = "Networking API2";
			sourceTree = "<group>";
		};
		D62A494327CCE52700DFD6FE /* UserProfile */ = {
			isa = PBXGroup;
			children = (
				D62A494427CCE54C00DFD6FE /* ProfileViewController.swift */,
			);
			path = UserProfile;
			sourceTree = "<group>";
		};
		D693D76A27BC5ACD008C83B5 /* Model */ = {
			isa = PBXGroup;
			children = (
				D62A493A27CCDC5800DFD6FE /* Constants.swift */,
				D62A493C27CCDDBB00DFD6FE /* Networking API2 */,
				D6484F18279DF1FB003293F1 /* booksFile.swift */,
				D62A493727CCDBD700DFD6FE /* Response Model */,
				D6A6395527C7F436002A819D /* Extensions */,
				D693D76E27BC5D74008C83B5 /* DataModelApi */,
				D693D76D27BC5CDC008C83B5 /* ApiManagers */,
				D64A70BE27F581CD0012C7F6 /* StringSP.swift */,
				D64A70C027F582810012C7F6 /* Dimensions.swift */,
			);
			path = Model;
			sourceTree = "<group>";
		};
		D693D76C27BC5AF1008C83B5 /* View */ = {
			isa = PBXGroup;
			children = (
				D6484F2927A085F7003293F1 /* BooksCollectionCell.swift */,
				D6484F1A279E03FB003293F1 /* BookViewCell.swift */,
			);
			path = View;
			sourceTree = "<group>";
		};
		D693D76D27BC5CDC008C83B5 /* ApiManagers */ = {
			isa = PBXGroup;
			children = (
				D692062F27AF601600C29022 /* BookManager.swift */,
				D692064427B1E45700C29022 /* ObrasManager.swift */,
				D692063A27B0C3BC00C29022 /* AutorManager.swift */,
			);
			path = ApiManagers;
			sourceTree = "<group>";
		};
		D693D76E27BC5D74008C83B5 /* DataModelApi */ = {
			isa = PBXGroup;
			children = (
				D692063627B0C39700C29022 /* AutorData.swift */,
				D692063827B0C3A800C29022 /* AutorModel.swift */,
				D692062727AF5E0B00C29022 /* BookData.swift */,
				D692062927AF5E4700C29022 /* BookModel.swift */,
				D692064027B1E41B00C29022 /* ObrasData.swift */,
				D692064227B1E42C00C29022 /* ObrasModel.swift */,
			);
			path = DataModelApi;
			sourceTree = "<group>";
		};
		D69EAA66279B63EE000070AF = {
			isa = PBXGroup;
			children = (
				D69EAA71279B63EE000070AF /* Books-Mark-App */,
				D69EAA70279B63EE000070AF /* Products */,
			);
			sourceTree = "<group>";
		};
		D69EAA70279B63EE000070AF /* Products */ = {
			isa = PBXGroup;
			children = (
				D69EAA6F279B63EE000070AF /* Books-Mark-App.app */,
			);
			name = Products;
			sourceTree = "<group>";
		};
		D69EAA71279B63EE000070AF /* Books-Mark-App */ = {
			isa = PBXGroup;
			children = (
				D6A638D127C647A7002A819D /* Modules */,
				D693D76C27BC5AF1008C83B5 /* View */,
				D693D76A27BC5ACD008C83B5 /* Model */,
				D69EAA72279B63EE000070AF /* AppDelegate.swift */,
				D69EAA74279B63EE000070AF /* SceneDelegate.swift */,
				D69EAA78279B63EE000070AF /* Main.storyboard */,
				D69EAA7B279B63F0000070AF /* Assets.xcassets */,
				D69EAA7D279B63F0000070AF /* LaunchScreen.storyboard */,
				D69EAA80279B63F0000070AF /* Info.plist */,
			);
			path = "Books-Mark-App";
			sourceTree = "<group>";
		};
		D6A638D127C647A7002A819D /* Modules */ = {
			isa = PBXGroup;
			children = (
				D62A494327CCE52700DFD6FE /* UserProfile */,
				D6A638D527C648C1002A819D /* Welcome */,
				D6A638D827C64914002A819D /* Sign Up */,
				D6A638D227C647D9002A819D /* LogIn */,
				D62A493327CCDA5D00DFD6FE /* SearchViewController */,
				D6A638DB27C64985002A819D /* Book Detail */,
				D6A638DE27C64E64002A819D /* Autor Search */,
				D6A638E127C64EA4002A819D /* Category Search */,
				D6A638E427C64F24002A819D /* AutorWorks */,
			);
			path = Modules;
			sourceTree = "<group>";
		};
		D6A638D227C647D9002A819D /* LogIn */ = {
			isa = PBXGroup;
			children = (
				D6A638D427C64829002A819D /* Controller */,
				D6A638D327C647FA002A819D /* ViewModel */,
			);
			path = LogIn;
			sourceTree = "<group>";
		};
		D6A638D327C647FA002A819D /* ViewModel */ = {
			isa = PBXGroup;
			children = (
			);
			path = ViewModel;
			sourceTree = "<group>";
		};
		D6A638D427C64829002A819D /* Controller */ = {
			isa = PBXGroup;
			children = (
				D69EAA86279C96DC000070AF /* LibreriaViewController.swift */,
			);
			path = Controller;
			sourceTree = "<group>";
		};
		D6A638D527C648C1002A819D /* Welcome */ = {
			isa = PBXGroup;
			children = (
				D6A638D727C648DA002A819D /* Controller */,
			);
			path = Welcome;
			sourceTree = "<group>";
		};
		D6A638D727C648DA002A819D /* Controller */ = {
			isa = PBXGroup;
			children = (
				D69EAA76279B63EE000070AF /* ViewController.swift */,
				D62A494627CEF50200DFD6FE /* PageViewController.swift */,
				D62A494827CEF5CE00DFD6FE /* LabelViewController.swift */,
			);
			path = Controller;
			sourceTree = "<group>";
		};
		D6A638D827C64914002A819D /* Sign Up */ = {
			isa = PBXGroup;
			children = (
				D6A638DA27C64934002A819D /* Controller */,
				D6A638D927C64929002A819D /* ViewModel */,
			);
			path = "Sign Up";
			sourceTree = "<group>";
		};
		D6A638D927C64929002A819D /* ViewModel */ = {
			isa = PBXGroup;
			children = (
			);
			path = ViewModel;
			sourceTree = "<group>";
		};
		D6A638DA27C64934002A819D /* Controller */ = {
			isa = PBXGroup;
			children = (
				D69EAA8A279CD6D6000070AF /* RegistroViewController.swift */,
			);
			path = Controller;
			sourceTree = "<group>";
		};
		D6A638DB27C64985002A819D /* Book Detail */ = {
			isa = PBXGroup;
			children = (
				D6A638DD27C6499B002A819D /* Controller */,
				D6A638DC27C64992002A819D /* ViewModel */,
			);
			path = "Book Detail";
			sourceTree = "<group>";
		};
		D6A638DC27C64992002A819D /* ViewModel */ = {
			isa = PBXGroup;
			children = (
			);
			path = ViewModel;
			sourceTree = "<group>";
		};
		D6A638DD27C6499B002A819D /* Controller */ = {
			isa = PBXGroup;
			children = (
				D6484F1E279E13A8003293F1 /* DetailBookViewController.swift */,
			);
			path = Controller;
			sourceTree = "<group>";
		};
		D6A638DE27C64E64002A819D /* Autor Search */ = {
			isa = PBXGroup;
			children = (
				D6A638E027C64E9B002A819D /* Controller */,
				D6A638DF27C64E90002A819D /* ViewModel */,
			);
			path = "Autor Search";
			sourceTree = "<group>";
		};
		D6A638DF27C64E90002A819D /* ViewModel */ = {
			isa = PBXGroup;
			children = (
			);
			path = ViewModel;
			sourceTree = "<group>";
		};
		D6A638E027C64E9B002A819D /* Controller */ = {
			isa = PBXGroup;
			children = (
				D692063127B0AE5A00C29022 /* AutorController.swift */,
			);
			path = Controller;
			sourceTree = "<group>";
		};
		D6A638E127C64EA4002A819D /* Category Search */ = {
			isa = PBXGroup;
			children = (
				D6A638E327C64EC6002A819D /* Controller */,
				D6A638E227C64EB7002A819D /* ViewModel */,
			);
			path = "Category Search";
			sourceTree = "<group>";
		};
		D6A638E227C64EB7002A819D /* ViewModel */ = {
			isa = PBXGroup;
			children = (
			);
			path = ViewModel;
			sourceTree = "<group>";
		};
		D6A638E327C64EC6002A819D /* Controller */ = {
			isa = PBXGroup;
			children = (
				D692062C27AF5F7E00C29022 /* CategoryViewController.swift */,
			);
			path = Controller;
			sourceTree = "<group>";
		};
		D6A638E427C64F24002A819D /* AutorWorks */ = {
			isa = PBXGroup;
			children = (
				D6A638E627C64F6E002A819D /* Controller */,
				D6A638E527C64F65002A819D /* ViewModel */,
			);
			path = AutorWorks;
			sourceTree = "<group>";
		};
		D6A638E527C64F65002A819D /* ViewModel */ = {
			isa = PBXGroup;
			children = (
			);
			path = ViewModel;
			sourceTree = "<group>";
		};
		D6A638E627C64F6E002A819D /* Controller */ = {
			isa = PBXGroup;
			children = (
				D692064627B1E46E00C29022 /* ObrasController.swift */,
			);
			path = Controller;
			sourceTree = "<group>";
		};
		D6A6395527C7F436002A819D /* Extensions */ = {
			isa = PBXGroup;
			children = (
				D6A6395827C7F477002A819D /* UILabel++.swift */,
				D6A6395A27C7F48B002A819D /* UIColor++.swift */,
				D64A70BA27F568B30012C7F6 /* Constrains++.swift */,
			);
			path = Extensions;
			sourceTree = "<group>";
		};
/* End PBXGroup section */

/* Begin PBXNativeTarget section */
		D69EAA6E279B63EE000070AF /* Books-Mark-App */ = {
			isa = PBXNativeTarget;
			buildConfigurationList = D69EAA83279B63F0000070AF /* Build configuration list for PBXNativeTarget "Books-Mark-App" */;
			buildPhases = (
				D69EAA6B279B63EE000070AF /* Sources */,
				D69EAA6C279B63EE000070AF /* Frameworks */,
				D69EAA6D279B63EE000070AF /* Resources */,
			);
			buildRules = (
			);
			dependencies = (
			);
			name = "Books-Mark-App";
			packageProductDependencies = (
				D69131FD27EEC1B700D56CED /* Alamofire */,
			);
			productName = "Books-Mark-App";
			productReference = D69EAA6F279B63EE000070AF /* Books-Mark-App.app */;
			productType = "com.apple.product-type.application";
		};
/* End PBXNativeTarget section */

/* Begin PBXProject section */
		D69EAA67279B63EE000070AF /* Project object */ = {
			isa = PBXProject;
			attributes = {
				BuildIndependentTargetsInParallel = 1;
				LastSwiftUpdateCheck = 1320;
				LastUpgradeCheck = 1320;
				TargetAttributes = {
					D69EAA6E279B63EE000070AF = {
						CreatedOnToolsVersion = 13.2.1;
					};
				};
			};
			buildConfigurationList = D69EAA6A279B63EE000070AF /* Build configuration list for PBXProject "Books-Mark-App" */;
			compatibilityVersion = "Xcode 13.0";
			developmentRegion = en;
			hasScannedForEncodings = 0;
			knownRegions = (
				en,
				Base,
			);
			mainGroup = D69EAA66279B63EE000070AF;
			packageReferences = (
				D69131FC27EEC1B700D56CED /* XCRemoteSwiftPackageReference "Alamofire" */,
			);
			productRefGroup = D69EAA70279B63EE000070AF /* Products */;
			projectDirPath = "";
			projectRoot = "";
			targets = (
				D69EAA6E279B63EE000070AF /* Books-Mark-App */,
			);
		};
/* End PBXProject section */

/* Begin PBXResourcesBuildPhase section */
		D69EAA6D279B63EE000070AF /* Resources */ = {
			isa = PBXResourcesBuildPhase;
			buildActionMask = 2147483647;
			files = (
				D69EAA7F279B63F0000070AF /* LaunchScreen.storyboard in Resources */,
				D69EAA7C279B63F0000070AF /* Assets.xcassets in Resources */,
				D69EAA7A279B63EE000070AF /* Main.storyboard in Resources */,
			);
			runOnlyForDeploymentPostprocessing = 0;
		};
/* End PBXResourcesBuildPhase section */

/* Begin PBXSourcesBuildPhase section */
		D69EAA6B279B63EE000070AF /* Sources */ = {
			isa = PBXSourcesBuildPhase;
			buildActionMask = 2147483647;
			files = (
				D692063227B0AE5A00C29022 /* AutorController.swift in Sources */,
				D692063927B0C3A800C29022 /* AutorModel.swift in Sources */,
				D62A494027CCDE0D00DFD6FE /* Parser.swift in Sources */,
				D69EAA87279C96DC000070AF /* LibreriaViewController.swift in Sources */,
				D692064727B1E46E00C29022 /* ObrasController.swift in Sources */,
				D69EAA77279B63EE000070AF /* ViewController.swift in Sources */,
				D62A494527CCE54C00DFD6FE /* ProfileViewController.swift in Sources */,
				D692063027AF601600C29022 /* BookManager.swift in Sources */,
				D64A70C127F582810012C7F6 /* Dimensions.swift in Sources */,
				D6484F19279DF1FB003293F1 /* booksFile.swift in Sources */,
				D692064127B1E41B00C29022 /* ObrasData.swift in Sources */,
				D62A493627CCDB0F00DFD6FE /* SearchViewController.swift in Sources */,
				D6484F1B279E03FB003293F1 /* BookViewCell.swift in Sources */,
				D692063B27B0C3BC00C29022 /* AutorManager.swift in Sources */,
				D62A493B27CCDC5800DFD6FE /* Constants.swift in Sources */,
				D64A70BF27F581CD0012C7F6 /* StringSP.swift in Sources */,
				D6484F1F279E13A8003293F1 /* DetailBookViewController.swift in Sources */,
				D6A6395927C7F477002A819D /* UILabel++.swift in Sources */,
				D692064527B1E45700C29022 /* ObrasManager.swift in Sources */,
				D692063727B0C39700C29022 /* AutorData.swift in Sources */,
				D692062A27AF5E4700C29022 /* BookModel.swift in Sources */,
				D64A70BB27F568B30012C7F6 /* Constrains++.swift in Sources */,
				D62A494227CCDE2600DFD6FE /* EndPoints.swift in Sources */,
				D62A494927CEF5CE00DFD6FE /* LabelViewController.swift in Sources */,
				D692062827AF5E0B00C29022 /* BookData.swift in Sources */,
				D69EAA73279B63EE000070AF /* AppDelegate.swift in Sources */,
				D62A493E27CCDDF500DFD6FE /* APIDataManager.swift in Sources */,
				D62A494727CEF50200DFD6FE /* PageViewController.swift in Sources */,
				D692062D27AF5F7E00C29022 /* CategoryViewController.swift in Sources */,
				D62A493927CCDC0100DFD6FE /* BooksResponse.swift in Sources */,
				D692064327B1E42C00C29022 /* ObrasModel.swift in Sources */,
				D69EAA8B279CD6D6000070AF /* RegistroViewController.swift in Sources */,
				D69EAA75279B63EE000070AF /* SceneDelegate.swift in Sources */,
				D6484F2A27A085F7003293F1 /* BooksCollectionCell.swift in Sources */,
				D6A6395B27C7F48B002A819D /* UIColor++.swift in Sources */,
			);
			runOnlyForDeploymentPostprocessing = 0;
		};
/* End PBXSourcesBuildPhase section */

/* Begin PBXVariantGroup section */
		D69EAA78279B63EE000070AF /* Main.storyboard */ = {
			isa = PBXVariantGroup;
			children = (
				D69EAA79279B63EE000070AF /* Base */,
			);
			name = Main.storyboard;
			sourceTree = "<group>";
		};
		D69EAA7D279B63F0000070AF /* LaunchScreen.storyboard */ = {
			isa = PBXVariantGroup;
			children = (
				D69EAA7E279B63F0000070AF /* Base */,
			);
			name = LaunchScreen.storyboard;
			sourceTree = "<group>";
		};
/* End PBXVariantGroup section */

/* Begin XCBuildConfiguration section */
		D69EAA81279B63F0000070AF /* Debug */ = {
			isa = XCBuildConfiguration;
			buildSettings = {
				ALWAYS_SEARCH_USER_PATHS = NO;
				CLANG_ANALYZER_NONNULL = YES;
				CLANG_ANALYZER_NUMBER_OBJECT_CONVERSION = YES_AGGRESSIVE;
				CLANG_CXX_LANGUAGE_STANDARD = "gnu++17";
				CLANG_CXX_LIBRARY = "libc++";
				CLANG_ENABLE_MODULES = YES;
				CLANG_ENABLE_OBJC_ARC = YES;
				CLANG_ENABLE_OBJC_WEAK = YES;
				CLANG_WARN_BLOCK_CAPTURE_AUTORELEASING = YES;
				CLANG_WARN_BOOL_CONVERSION = YES;
				CLANG_WARN_COMMA = YES;
				CLANG_WARN_CONSTANT_CONVERSION = YES;
				CLANG_WARN_DEPRECATED_OBJC_IMPLEMENTATIONS = YES;
				CLANG_WARN_DIRECT_OBJC_ISA_USAGE = YES_ERROR;
				CLANG_WARN_DOCUMENTATION_COMMENTS = YES;
				CLANG_WARN_EMPTY_BODY = YES;
				CLANG_WARN_ENUM_CONVERSION = YES;
				CLANG_WARN_INFINITE_RECURSION = YES;
				CLANG_WARN_INT_CONVERSION = YES;
				CLANG_WARN_NON_LITERAL_NULL_CONVERSION = YES;
				CLANG_WARN_OBJC_IMPLICIT_RETAIN_SELF = YES;
				CLANG_WARN_OBJC_LITERAL_CONVERSION = YES;
				CLANG_WARN_OBJC_ROOT_CLASS = YES_ERROR;
				CLANG_WARN_QUOTED_INCLUDE_IN_FRAMEWORK_HEADER = YES;
				CLANG_WARN_RANGE_LOOP_ANALYSIS = YES;
				CLANG_WARN_STRICT_PROTOTYPES = YES;
				CLANG_WARN_SUSPICIOUS_MOVE = YES;
				CLANG_WARN_UNGUARDED_AVAILABILITY = YES_AGGRESSIVE;
				CLANG_WARN_UNREACHABLE_CODE = YES;
				CLANG_WARN__DUPLICATE_METHOD_MATCH = YES;
				COPY_PHASE_STRIP = NO;
				DEBUG_INFORMATION_FORMAT = dwarf;
				ENABLE_STRICT_OBJC_MSGSEND = YES;
				ENABLE_TESTABILITY = YES;
				GCC_C_LANGUAGE_STANDARD = gnu11;
				GCC_DYNAMIC_NO_PIC = NO;
				GCC_NO_COMMON_BLOCKS = YES;
				GCC_OPTIMIZATION_LEVEL = 0;
				GCC_PREPROCESSOR_DEFINITIONS = (
					"DEBUG=1",
					"$(inherited)",
				);
				GCC_WARN_64_TO_32_BIT_CONVERSION = YES;
				GCC_WARN_ABOUT_RETURN_TYPE = YES_ERROR;
				GCC_WARN_UNDECLARED_SELECTOR = YES;
				GCC_WARN_UNINITIALIZED_AUTOS = YES_AGGRESSIVE;
				GCC_WARN_UNUSED_FUNCTION = YES;
				GCC_WARN_UNUSED_VARIABLE = YES;
				IPHONEOS_DEPLOYMENT_TARGET = 15.2;
				MTL_ENABLE_DEBUG_INFO = INCLUDE_SOURCE;
				MTL_FAST_MATH = YES;
				ONLY_ACTIVE_ARCH = YES;
				SDKROOT = iphoneos;
				SWIFT_ACTIVE_COMPILATION_CONDITIONS = DEBUG;
				SWIFT_OPTIMIZATION_LEVEL = "-Onone";
			};
			name = Debug;
		};
		D69EAA82279B63F0000070AF /* Release */ = {
			isa = XCBuildConfiguration;
			buildSettings = {
				ALWAYS_SEARCH_USER_PATHS = NO;
				CLANG_ANALYZER_NONNULL = YES;
				CLANG_ANALYZER_NUMBER_OBJECT_CONVERSION = YES_AGGRESSIVE;
				CLANG_CXX_LANGUAGE_STANDARD = "gnu++17";
				CLANG_CXX_LIBRARY = "libc++";
				CLANG_ENABLE_MODULES = YES;
				CLANG_ENABLE_OBJC_ARC = YES;
				CLANG_ENABLE_OBJC_WEAK = YES;
				CLANG_WARN_BLOCK_CAPTURE_AUTORELEASING = YES;
				CLANG_WARN_BOOL_CONVERSION = YES;
				CLANG_WARN_COMMA = YES;
				CLANG_WARN_CONSTANT_CONVERSION = YES;
				CLANG_WARN_DEPRECATED_OBJC_IMPLEMENTATIONS = YES;
				CLANG_WARN_DIRECT_OBJC_ISA_USAGE = YES_ERROR;
				CLANG_WARN_DOCUMENTATION_COMMENTS = YES;
				CLANG_WARN_EMPTY_BODY = YES;
				CLANG_WARN_ENUM_CONVERSION = YES;
				CLANG_WARN_INFINITE_RECURSION = YES;
				CLANG_WARN_INT_CONVERSION = YES;
				CLANG_WARN_NON_LITERAL_NULL_CONVERSION = YES;
				CLANG_WARN_OBJC_IMPLICIT_RETAIN_SELF = YES;
				CLANG_WARN_OBJC_LITERAL_CONVERSION = YES;
				CLANG_WARN_OBJC_ROOT_CLASS = YES_ERROR;
				CLANG_WARN_QUOTED_INCLUDE_IN_FRAMEWORK_HEADER = YES;
				CLANG_WARN_RANGE_LOOP_ANALYSIS = YES;
				CLANG_WARN_STRICT_PROTOTYPES = YES;
				CLANG_WARN_SUSPICIOUS_MOVE = YES;
				CLANG_WARN_UNGUARDED_AVAILABILITY = YES_AGGRESSIVE;
				CLANG_WARN_UNREACHABLE_CODE = YES;
				CLANG_WARN__DUPLICATE_METHOD_MATCH = YES;
				COPY_PHASE_STRIP = NO;
				DEBUG_INFORMATION_FORMAT = "dwarf-with-dsym";
				ENABLE_NS_ASSERTIONS = NO;
				ENABLE_STRICT_OBJC_MSGSEND = YES;
				GCC_C_LANGUAGE_STANDARD = gnu11;
				GCC_NO_COMMON_BLOCKS = YES;
				GCC_WARN_64_TO_32_BIT_CONVERSION = YES;
				GCC_WARN_ABOUT_RETURN_TYPE = YES_ERROR;
				GCC_WARN_UNDECLARED_SELECTOR = YES;
				GCC_WARN_UNINITIALIZED_AUTOS = YES_AGGRESSIVE;
				GCC_WARN_UNUSED_FUNCTION = YES;
				GCC_WARN_UNUSED_VARIABLE = YES;
				IPHONEOS_DEPLOYMENT_TARGET = 15.2;
				MTL_ENABLE_DEBUG_INFO = NO;
				MTL_FAST_MATH = YES;
				SDKROOT = iphoneos;
				SWIFT_COMPILATION_MODE = wholemodule;
				SWIFT_OPTIMIZATION_LEVEL = "-O";
				VALIDATE_PRODUCT = YES;
			};
			name = Release;
		};
		D69EAA84279B63F0000070AF /* Debug */ = {
			isa = XCBuildConfiguration;
			buildSettings = {
				ASSETCATALOG_COMPILER_APPICON_NAME = AppIcon;
				ASSETCATALOG_COMPILER_GLOBAL_ACCENT_COLOR_NAME = AccentColor;
				CODE_SIGN_STYLE = Automatic;
				CURRENT_PROJECT_VERSION = 1;
				DEVELOPMENT_TEAM = ZHC958P7X6;
				GENERATE_INFOPLIST_FILE = YES;
				INFOPLIST_FILE = "Books-Mark-App/Info.plist";
				INFOPLIST_KEY_UIApplicationSupportsIndirectInputEvents = YES;
				INFOPLIST_KEY_UILaunchStoryboardName = LaunchScreen;
				INFOPLIST_KEY_UIMainStoryboardFile = Main;
				INFOPLIST_KEY_UISupportedInterfaceOrientations_iPad = "UIInterfaceOrientationPortrait UIInterfaceOrientationPortraitUpsideDown UIInterfaceOrientationLandscapeLeft UIInterfaceOrientationLandscapeRight";
				INFOPLIST_KEY_UISupportedInterfaceOrientations_iPhone = "UIInterfaceOrientationPortrait UIInterfaceOrientationLandscapeLeft UIInterfaceOrientationLandscapeRight";
				LD_RUNPATH_SEARCH_PATHS = (
					"$(inherited)",
					"@executable_path/Frameworks",
				);
				MARKETING_VERSION = 1.0;
				PRODUCT_BUNDLE_IDENTIFIER = "con.marcocruz.Books-Mark-App";
				PRODUCT_NAME = "$(TARGET_NAME)";
				SWIFT_EMIT_LOC_STRINGS = YES;
				SWIFT_VERSION = 5.0;
				TARGETED_DEVICE_FAMILY = "1,2";
			};
			name = Debug;
		};
		D69EAA85279B63F0000070AF /* Release */ = {
			isa = XCBuildConfiguration;
			buildSettings = {
				ASSETCATALOG_COMPILER_APPICON_NAME = AppIcon;
				ASSETCATALOG_COMPILER_GLOBAL_ACCENT_COLOR_NAME = AccentColor;
				CODE_SIGN_STYLE = Automatic;
				CURRENT_PROJECT_VERSION = 1;
				DEVELOPMENT_TEAM = ZHC958P7X6;
				GENERATE_INFOPLIST_FILE = YES;
				INFOPLIST_FILE = "Books-Mark-App/Info.plist";
				INFOPLIST_KEY_UIApplicationSupportsIndirectInputEvents = YES;
				INFOPLIST_KEY_UILaunchStoryboardName = LaunchScreen;
				INFOPLIST_KEY_UIMainStoryboardFile = Main;
				INFOPLIST_KEY_UISupportedInterfaceOrientations_iPad = "UIInterfaceOrientationPortrait UIInterfaceOrientationPortraitUpsideDown UIInterfaceOrientationLandscapeLeft UIInterfaceOrientationLandscapeRight";
				INFOPLIST_KEY_UISupportedInterfaceOrientations_iPhone = "UIInterfaceOrientationPortrait UIInterfaceOrientationLandscapeLeft UIInterfaceOrientationLandscapeRight";
				LD_RUNPATH_SEARCH_PATHS = (
					"$(inherited)",
					"@executable_path/Frameworks",
				);
				MARKETING_VERSION = 1.0;
				PRODUCT_BUNDLE_IDENTIFIER = "con.marcocruz.Books-Mark-App";
				PRODUCT_NAME = "$(TARGET_NAME)";
				SWIFT_EMIT_LOC_STRINGS = YES;
				SWIFT_VERSION = 5.0;
				TARGETED_DEVICE_FAMILY = "1,2";
			};
			name = Release;
		};
/* End XCBuildConfiguration section */

/* Begin XCConfigurationList section */
		D69EAA6A279B63EE000070AF /* Build configuration list for PBXProject "Books-Mark-App" */ = {
			isa = XCConfigurationList;
			buildConfigurations = (
				D69EAA81279B63F0000070AF /* Debug */,
				D69EAA82279B63F0000070AF /* Release */,
			);
			defaultConfigurationIsVisible = 0;
			defaultConfigurationName = Release;
		};
		D69EAA83279B63F0000070AF /* Build configuration list for PBXNativeTarget "Books-Mark-App" */ = {
			isa = XCConfigurationList;
			buildConfigurations = (
				D69EAA84279B63F0000070AF /* Debug */,
				D69EAA85279B63F0000070AF /* Release */,
			);
			defaultConfigurationIsVisible = 0;
			defaultConfigurationName = Release;
		};
/* End XCConfigurationList section */

/* Begin XCRemoteSwiftPackageReference section */
		D69131FC27EEC1B700D56CED /* XCRemoteSwiftPackageReference "Alamofire" */ = {
			isa = XCRemoteSwiftPackageReference;
			repositoryURL = "https://github.com/Alamofire/Alamofire.git";
			requirement = {
				kind = upToNextMajorVersion;
				minimumVersion = 5.0.0;
			};
		};
/* End XCRemoteSwiftPackageReference section */

/* Begin XCSwiftPackageProductDependency section */
		D69131FD27EEC1B700D56CED /* Alamofire */ = {
			isa = XCSwiftPackageProductDependency;
			package = D69131FC27EEC1B700D56CED /* XCRemoteSwiftPackageReference "Alamofire" */;
			productName = Alamofire;
		};
/* End XCSwiftPackageProductDependency section */
	};
	rootObject = D69EAA67279B63EE000070AF /* Project object */;
}
